// !$*UTF8*$!
{
	archiveVersion = 1;
	classes = {
	};
	objectVersion = 55;
	objects = {

/* Begin PBXBuildFile section */
		2F3CE92B273B1DC900156D9E /* AppDelegate.swift in Sources */ = {isa = PBXBuildFile; fileRef = 2F3CE92A273B1DC900156D9E /* AppDelegate.swift */; };
		2F3CE92D273B1DC900156D9E /* SceneDelegate.swift in Sources */ = {isa = PBXBuildFile; fileRef = 2F3CE92C273B1DC900156D9E /* SceneDelegate.swift */; };
		2F3CE92F273B1DC900156D9E /* ViewController.swift in Sources */ = {isa = PBXBuildFile; fileRef = 2F3CE92E273B1DC900156D9E /* ViewController.swift */; };
		2F3CE932273B1DC900156D9E /* Main.storyboard in Resources */ = {isa = PBXBuildFile; fileRef = 2F3CE930273B1DC900156D9E /* Main.storyboard */; };
		2F3CE934273B1DCB00156D9E /* Assets.xcassets in Resources */ = {isa = PBXBuildFile; fileRef = 2F3CE933273B1DCB00156D9E /* Assets.xcassets */; };
		2F3CE937273B1DCB00156D9E /* LaunchScreen.storyboard in Resources */ = {isa = PBXBuildFile; fileRef = 2F3CE935273B1DCB00156D9E /* LaunchScreen.storyboard */; };
		2F3CE93F273B1E0300156D9E /* CameraViewController.swift in Sources */ = {isa = PBXBuildFile; fileRef = 2F3CE93E273B1E0300156D9E /* CameraViewController.swift */; };
		2F3CE941273B201800156D9E /* VideoOutputViews.swift in Sources */ = {isa = PBXBuildFile; fileRef = 2F3CE940273B201800156D9E /* VideoOutputViews.swift */; };
		2F8DF9502742C5DA008C36FC /* BLEController.swift in Sources */ = {isa = PBXBuildFile; fileRef = 2F8DF94F2742C5DA008C36FC /* BLEController.swift */; };
		2F8DF9522743DC65008C36FC /* Common.swift in Sources */ = {isa = PBXBuildFile; fileRef = 2F8DF9512743DC65008C36FC /* Common.swift */; };
		2FBEE1E9275F632D00859B40 /* Clock.swift in Sources */ = {isa = PBXBuildFile; fileRef = 2FBEE1E8275F632D00859B40 /* Clock.swift */; };
		2FBEE1EB275F70E300859B40 /* ClockView.swift in Sources */ = {isa = PBXBuildFile; fileRef = 2FBEE1EA275F70E300859B40 /* ClockView.swift */; };
		613094912747D08A00997C3A /* StateView.swift in Sources */ = {isa = PBXBuildFile; fileRef = 613094902747D08900997C3A /* StateView.swift */; };
		6139157A2745293700FF65CB /* JoyStickController.swift in Sources */ = {isa = PBXBuildFile; fileRef = 613915792745293700FF65CB /* JoyStickController.swift */; };
		6139157D27452CAD00FF65CB /* SnapKit in Frameworks */ = {isa = PBXBuildFile; productRef = 6139157C27452CAD00FF65CB /* SnapKit */; };
/* End PBXBuildFile section */

/* Begin PBXFileReference section */
		2F3CE927273B1DC900156D9E /* vision_Pose.app */ = {isa = PBXFileReference; explicitFileType = wrapper.application; includeInIndex = 0; path = vision_Pose.app; sourceTree = BUILT_PRODUCTS_DIR; };
		2F3CE92A273B1DC900156D9E /* AppDelegate.swift */ = {isa = PBXFileReference; lastKnownFileType = sourcecode.swift; path = AppDelegate.swift; sourceTree = "<group>"; };
		2F3CE92C273B1DC900156D9E /* SceneDelegate.swift */ = {isa = PBXFileReference; lastKnownFileType = sourcecode.swift; path = SceneDelegate.swift; sourceTree = "<group>"; };
		2F3CE92E273B1DC900156D9E /* ViewController.swift */ = {isa = PBXFileReference; lastKnownFileType = sourcecode.swift; path = ViewController.swift; sourceTree = "<group>"; };
		2F3CE931273B1DC900156D9E /* Base */ = {isa = PBXFileReference; lastKnownFileType = file.storyboard; name = Base; path = Base.lproj/Main.storyboard; sourceTree = "<group>"; };
		2F3CE933273B1DCB00156D9E /* Assets.xcassets */ = {isa = PBXFileReference; lastKnownFileType = folder.assetcatalog; path = Assets.xcassets; sourceTree = "<group>"; };
		2F3CE936273B1DCB00156D9E /* Base */ = {isa = PBXFileReference; lastKnownFileType = file.storyboard; name = Base; path = Base.lproj/LaunchScreen.storyboard; sourceTree = "<group>"; };
		2F3CE938273B1DCB00156D9E /* Info.plist */ = {isa = PBXFileReference; lastKnownFileType = text.plist.xml; path = Info.plist; sourceTree = "<group>"; };
		2F3CE93E273B1E0300156D9E /* CameraViewController.swift */ = {isa = PBXFileReference; lastKnownFileType = sourcecode.swift; path = CameraViewController.swift; sourceTree = "<group>"; };
		2F3CE940273B201800156D9E /* VideoOutputViews.swift */ = {isa = PBXFileReference; fileEncoding = 4; lastKnownFileType = sourcecode.swift; path = VideoOutputViews.swift; sourceTree = "<group>"; };
		2F8DF94F2742C5DA008C36FC /* BLEController.swift */ = {isa = PBXFileReference; fileEncoding = 4; lastKnownFileType = sourcecode.swift; path = BLEController.swift; sourceTree = "<group>"; };
		2F8DF9512743DC65008C36FC /* Common.swift */ = {isa = PBXFileReference; lastKnownFileType = sourcecode.swift; path = Common.swift; sourceTree = "<group>"; };
		2FBEE1E8275F632D00859B40 /* Clock.swift */ = {isa = PBXFileReference; lastKnownFileType = sourcecode.swift; path = Clock.swift; sourceTree = "<group>"; };
		2FBEE1EA275F70E300859B40 /* ClockView.swift */ = {isa = PBXFileReference; lastKnownFileType = sourcecode.swift; path = ClockView.swift; sourceTree = "<group>"; };
		613094902747D08900997C3A /* StateView.swift */ = {isa = PBXFileReference; fileEncoding = 4; lastKnownFileType = sourcecode.swift; path = StateView.swift; sourceTree = "<group>"; };
		613915792745293700FF65CB /* JoyStickController.swift */ = {isa = PBXFileReference; lastKnownFileType = sourcecode.swift; path = JoyStickController.swift; sourceTree = "<group>"; };
/* End PBXFileReference section */

/* Begin PBXFrameworksBuildPhase section */
		2F3CE924273B1DC900156D9E /* Frameworks */ = {
			isa = PBXFrameworksBuildPhase;
			buildActionMask = 2147483647;
			files = (
				6139157D27452CAD00FF65CB /* SnapKit in Frameworks */,
			);
			runOnlyForDeploymentPostprocessing = 0;
		};
/* End PBXFrameworksBuildPhase section */

/* Begin PBXGroup section */
		2F3CE91E273B1DC900156D9E = {
			isa = PBXGroup;
			children = (
				2F3CE929273B1DC900156D9E /* vision_Pose */,
				2F3CE928273B1DC900156D9E /* Products */,
			);
			sourceTree = "<group>";
		};
		2F3CE928273B1DC900156D9E /* Products */ = {
			isa = PBXGroup;
			children = (
				2F3CE927273B1DC900156D9E /* vision_Pose.app */,
			);
			name = Products;
			sourceTree = "<group>";
		};
		2F3CE929273B1DC900156D9E /* vision_Pose */ = {
			isa = PBXGroup;
			children = (
				2F3CE92A273B1DC900156D9E /* AppDelegate.swift */,
				2F3CE92C273B1DC900156D9E /* SceneDelegate.swift */,
				2F3CE92E273B1DC900156D9E /* ViewController.swift */,
				613915792745293700FF65CB /* JoyStickController.swift */,
				2F8DF94F2742C5DA008C36FC /* BLEController.swift */,
				2F8DF9512743DC65008C36FC /* Common.swift */,
				613094902747D08900997C3A /* StateView.swift */,
				2FBEE1EA275F70E300859B40 /* ClockView.swift */,
				2F3CE93E273B1E0300156D9E /* CameraViewController.swift */,
				2FBEE1E8275F632D00859B40 /* Clock.swift */,
				2F3CE930273B1DC900156D9E /* Main.storyboard */,
				2F3CE940273B201800156D9E /* VideoOutputViews.swift */,
				2F3CE933273B1DCB00156D9E /* Assets.xcassets */,
				2F3CE935273B1DCB00156D9E /* LaunchScreen.storyboard */,
				2F3CE938273B1DCB00156D9E /* Info.plist */,
			);
			path = vision_Pose;
			sourceTree = "<group>";
		};
/* End PBXGroup section */

/* Begin PBXNativeTarget section */
		2F3CE926273B1DC900156D9E /* vision_Pose */ = {
			isa = PBXNativeTarget;
			buildConfigurationList = 2F3CE93B273B1DCB00156D9E /* Build configuration list for PBXNativeTarget "vision_Pose" */;
			buildPhases = (
				2F3CE923273B1DC900156D9E /* Sources */,
				2F3CE924273B1DC900156D9E /* Frameworks */,
				2F3CE925273B1DC900156D9E /* Resources */,
			);
			buildRules = (
			);
			dependencies = (
			);
			name = vision_Pose;
			packageProductDependencies = (
				6139157C27452CAD00FF65CB /* SnapKit */,
			);
			productName = vision_Pose;
			productReference = 2F3CE927273B1DC900156D9E /* vision_Pose.app */;
			productType = "com.apple.product-type.application";
		};
/* End PBXNativeTarget section */

/* Begin PBXProject section */
		2F3CE91F273B1DC900156D9E /* Project object */ = {
			isa = PBXProject;
			attributes = {
				BuildIndependentTargetsInParallel = 1;
				LastSwiftUpdateCheck = 1310;
				LastUpgradeCheck = 1310;
				TargetAttributes = {
					2F3CE926273B1DC900156D9E = {
						CreatedOnToolsVersion = 13.1;
					};
				};
			};
			buildConfigurationList = 2F3CE922273B1DC900156D9E /* Build configuration list for PBXProject "vision_Pose" */;
			compatibilityVersion = "Xcode 13.0";
			developmentRegion = en;
			hasScannedForEncodings = 0;
			knownRegions = (
				en,
				Base,
			);
			mainGroup = 2F3CE91E273B1DC900156D9E;
			packageReferences = (
				6139157B27452CAD00FF65CB /* XCRemoteSwiftPackageReference "SnapKit" */,
			);
			productRefGroup = 2F3CE928273B1DC900156D9E /* Products */;
			projectDirPath = "";
			projectRoot = "";
			targets = (
				2F3CE926273B1DC900156D9E /* vision_Pose */,
			);
		};
/* End PBXProject section */

/* Begin PBXResourcesBuildPhase section */
		2F3CE925273B1DC900156D9E /* Resources */ = {
			isa = PBXResourcesBuildPhase;
			buildActionMask = 2147483647;
			files = (
				2F3CE937273B1DCB00156D9E /* LaunchScreen.storyboard in Resources */,
				2F3CE934273B1DCB00156D9E /* Assets.xcassets in Resources */,
				2F3CE932273B1DC900156D9E /* Main.storyboard in Resources */,
			);
			runOnlyForDeploymentPostprocessing = 0;
		};
/* End PBXResourcesBuildPhase section */

/* Begin PBXSourcesBuildPhase section */
		2F3CE923273B1DC900156D9E /* Sources */ = {
			isa = PBXSourcesBuildPhase;
			buildActionMask = 2147483647;
			files = (
				2F3CE92F273B1DC900156D9E /* ViewController.swift in Sources */,
				2F3CE93F273B1E0300156D9E /* CameraViewController.swift in Sources */,
				2F3CE941273B201800156D9E /* VideoOutputViews.swift in Sources */,
				2FBEE1EB275F70E300859B40 /* ClockView.swift in Sources */,
				2F3CE92B273B1DC900156D9E /* AppDelegate.swift in Sources */,
				2FBEE1E9275F632D00859B40 /* Clock.swift in Sources */,
				2F3CE92D273B1DC900156D9E /* SceneDelegate.swift in Sources */,
				2F8DF9502742C5DA008C36FC /* BLEController.swift in Sources */,
				613094912747D08A00997C3A /* StateView.swift in Sources */,
				2F8DF9522743DC65008C36FC /* Common.swift in Sources */,
				6139157A2745293700FF65CB /* JoyStickController.swift in Sources */,
			);
			runOnlyForDeploymentPostprocessing = 0;
		};
/* End PBXSourcesBuildPhase section */

/* Begin PBXVariantGroup section */
		2F3CE930273B1DC900156D9E /* Main.storyboard */ = {
			isa = PBXVariantGroup;
			children = (
				2F3CE931273B1DC900156D9E /* Base */,
			);
			name = Main.storyboard;
			sourceTree = "<group>";
		};
		2F3CE935273B1DCB00156D9E /* LaunchScreen.storyboard */ = {
			isa = PBXVariantGroup;
			children = (
				2F3CE936273B1DCB00156D9E /* Base */,
			);
			name = LaunchScreen.storyboard;
			sourceTree = "<group>";
		};
/* End PBXVariantGroup section */

/* Begin XCBuildConfiguration section */
		2F3CE939273B1DCB00156D9E /* Debug */ = {
			isa = XCBuildConfiguration;
			buildSettings = {
				ALWAYS_SEARCH_USER_PATHS = NO;
				CLANG_ANALYZER_NONNULL = YES;
				CLANG_ANALYZER_NUMBER_OBJECT_CONVERSION = YES_AGGRESSIVE;
				CLANG_CXX_LANGUAGE_STANDARD = "gnu++17";
				CLANG_CXX_LIBRARY = "libc++";
				CLANG_ENABLE_MODULES = YES;
				CLANG_ENABLE_OBJC_ARC = YES;
				CLANG_ENABLE_OBJC_WEAK = YES;
				CLANG_WARN_BLOCK_CAPTURE_AUTORELEASING = YES;
				CLANG_WARN_BOOL_CONVERSION = YES;
				CLANG_WARN_COMMA = YES;
				CLANG_WARN_CONSTANT_CONVERSION = YES;
				CLANG_WARN_DEPRECATED_OBJC_IMPLEMENTATIONS = YES;
				CLANG_WARN_DIRECT_OBJC_ISA_USAGE = YES_ERROR;
				CLANG_WARN_DOCUMENTATION_COMMENTS = YES;
				CLANG_WARN_EMPTY_BODY = YES;
				CLANG_WARN_ENUM_CONVERSION = YES;
				CLANG_WARN_INFINITE_RECURSION = YES;
				CLANG_WARN_INT_CONVERSION = YES;
				CLANG_WARN_NON_LITERAL_NULL_CONVERSION = YES;
				CLANG_WARN_OBJC_IMPLICIT_RETAIN_SELF = YES;
				CLANG_WARN_OBJC_LITERAL_CONVERSION = YES;
				CLANG_WARN_OBJC_ROOT_CLASS = YES_ERROR;
				CLANG_WARN_QUOTED_INCLUDE_IN_FRAMEWORK_HEADER = YES;
				CLANG_WARN_RANGE_LOOP_ANALYSIS = YES;
				CLANG_WARN_STRICT_PROTOTYPES = YES;
				CLANG_WARN_SUSPICIOUS_MOVE = YES;
				CLANG_WARN_UNGUARDED_AVAILABILITY = YES_AGGRESSIVE;
				CLANG_WARN_UNREACHABLE_CODE = YES;
				CLANG_WARN__DUPLICATE_METHOD_MATCH = YES;
				COPY_PHASE_STRIP = NO;
				DEBUG_INFORMATION_FORMAT = dwarf;
				ENABLE_STRICT_OBJC_MSGSEND = YES;
				ENABLE_TESTABILITY = YES;
				GCC_C_LANGUAGE_STANDARD = gnu11;
				GCC_DYNAMIC_NO_PIC = NO;
				GCC_NO_COMMON_BLOCKS = YES;
				GCC_OPTIMIZATION_LEVEL = 0;
				GCC_PREPROCESSOR_DEFINITIONS = (
					"DEBUG=1",
					"$(inherited)",
				);
				GCC_WARN_64_TO_32_BIT_CONVERSION = YES;
				GCC_WARN_ABOUT_RETURN_TYPE = YES_ERROR;
				GCC_WARN_UNDECLARED_SELECTOR = YES;
				GCC_WARN_UNINITIALIZED_AUTOS = YES_AGGRESSIVE;
				GCC_WARN_UNUSED_FUNCTION = YES;
				GCC_WARN_UNUSED_VARIABLE = YES;
				IPHONEOS_DEPLOYMENT_TARGET = 15.0;
				MTL_ENABLE_DEBUG_INFO = INCLUDE_SOURCE;
				MTL_FAST_MATH = YES;
				ONLY_ACTIVE_ARCH = YES;
				SDKROOT = iphoneos;
				SWIFT_ACTIVE_COMPILATION_CONDITIONS = DEBUG;
				SWIFT_OPTIMIZATION_LEVEL = "-Onone";
			};
			name = Debug;
		};
		2F3CE93A273B1DCB00156D9E /* Release */ = {
			isa = XCBuildConfiguration;
			buildSettings = {
				ALWAYS_SEARCH_USER_PATHS = NO;
				CLANG_ANALYZER_NONNULL = YES;
				CLANG_ANALYZER_NUMBER_OBJECT_CONVERSION = YES_AGGRESSIVE;
				CLANG_CXX_LANGUAGE_STANDARD = "gnu++17";
				CLANG_CXX_LIBRARY = "libc++";
				CLANG_ENABLE_MODULES = YES;
				CLANG_ENABLE_OBJC_ARC = YES;
				CLANG_ENABLE_OBJC_WEAK = YES;
				CLANG_WARN_BLOCK_CAPTURE_AUTORELEASING = YES;
				CLANG_WARN_BOOL_CONVERSION = YES;
				CLANG_WARN_COMMA = YES;
				CLANG_WARN_CONSTANT_CONVERSION = YES;
				CLANG_WARN_DEPRECATED_OBJC_IMPLEMENTATIONS = YES;
				CLANG_WARN_DIRECT_OBJC_ISA_USAGE = YES_ERROR;
				CLANG_WARN_DOCUMENTATION_COMMENTS = YES;
				CLANG_WARN_EMPTY_BODY = YES;
				CLANG_WARN_ENUM_CONVERSION = YES;
				CLANG_WARN_INFINITE_RECURSION = YES;
				CLANG_WARN_INT_CONVERSION = YES;
				CLANG_WARN_NON_LITERAL_NULL_CONVERSION = YES;
				CLANG_WARN_OBJC_IMPLICIT_RETAIN_SELF = YES;
				CLANG_WARN_OBJC_LITERAL_CONVERSION = YES;
				CLANG_WARN_OBJC_ROOT_CLASS = YES_ERROR;
				CLANG_WARN_QUOTED_INCLUDE_IN_FRAMEWORK_HEADER = YES;
				CLANG_WARN_RANGE_LOOP_ANALYSIS = YES;
				CLANG_WARN_STRICT_PROTOTYPES = YES;
				CLANG_WARN_SUSPICIOUS_MOVE = YES;
				CLANG_WARN_UNGUARDED_AVAILABILITY = YES_AGGRESSIVE;
				CLANG_WARN_UNREACHABLE_CODE = YES;
				CLANG_WARN__DUPLICATE_METHOD_MATCH = YES;
				COPY_PHASE_STRIP = NO;
				DEBUG_INFORMATION_FORMAT = "dwarf-with-dsym";
				ENABLE_NS_ASSERTIONS = NO;
				ENABLE_STRICT_OBJC_MSGSEND = YES;
				GCC_C_LANGUAGE_STANDARD = gnu11;
				GCC_NO_COMMON_BLOCKS = YES;
				GCC_WARN_64_TO_32_BIT_CONVERSION = YES;
				GCC_WARN_ABOUT_RETURN_TYPE = YES_ERROR;
				GCC_WARN_UNDECLARED_SELECTOR = YES;
				GCC_WARN_UNINITIALIZED_AUTOS = YES_AGGRESSIVE;
				GCC_WARN_UNUSED_FUNCTION = YES;
				GCC_WARN_UNUSED_VARIABLE = YES;
				IPHONEOS_DEPLOYMENT_TARGET = 15.0;
				MTL_ENABLE_DEBUG_INFO = NO;
				MTL_FAST_MATH = YES;
				SDKROOT = iphoneos;
				SWIFT_COMPILATION_MODE = wholemodule;
				SWIFT_OPTIMIZATION_LEVEL = "-O";
				VALIDATE_PRODUCT = YES;
			};
			name = Release;
		};
		2F3CE93C273B1DCB00156D9E /* Debug */ = {
			isa = XCBuildConfiguration;
			buildSettings = {
				ASSETCATALOG_COMPILER_APPICON_NAME = AppIcon;
				ASSETCATALOG_COMPILER_GLOBAL_ACCENT_COLOR_NAME = AccentColor;
				CODE_SIGN_STYLE = Automatic;
				CURRENT_PROJECT_VERSION = 1;
				DEVELOPMENT_TEAM = 4NY9EY68HK;
				GENERATE_INFOPLIST_FILE = YES;
				INFOPLIST_FILE = vision_Pose/Info.plist;
				INFOPLIST_KEY_NSBluetoothAlwaysUsageDescription = "Spladoosh wants your bluetooth";
				INFOPLIST_KEY_NSBluetoothPeripheralUsageDescription = "I would like to be abkle to use your bluetooth connection";
				INFOPLIST_KEY_NSCameraUsageDescription = "App uses camera";
				INFOPLIST_KEY_UIApplicationSupportsIndirectInputEvents = YES;
				INFOPLIST_KEY_UILaunchStoryboardName = LaunchScreen;
				INFOPLIST_KEY_UIMainStoryboardFile = Main;
				INFOPLIST_KEY_UIRequiresFullScreen = YES;
				INFOPLIST_KEY_UIStatusBarHidden = YES;
				INFOPLIST_KEY_UISupportedInterfaceOrientations = UIInterfaceOrientationLandscapeRight;
				INFOPLIST_KEY_UISupportedInterfaceOrientations_iPad = "UIInterfaceOrientationPortrait UIInterfaceOrientationPortraitUpsideDown UIInterfaceOrientationLandscapeLeft UIInterfaceOrientationLandscapeRight";
				INFOPLIST_KEY_UISupportedInterfaceOrientations_iPhone = UIInterfaceOrientationLandscapeRight;
				LD_RUNPATH_SEARCH_PATHS = (
					"$(inherited)",
					"@executable_path/Frameworks",
				);
				MARKETING_VERSION = 1.0;
				PRODUCT_BUNDLE_IDENTIFIER = "com.sprinkle.vision-Pose";
				PRODUCT_NAME = "$(TARGET_NAME)";
				SWIFT_EMIT_LOC_STRINGS = YES;
				SWIFT_VERSION = 5.0;
				TARGETED_DEVICE_FAMILY = "1,2";
			};
			name = Debug;
		};
		2F3CE93D273B1DCB00156D9E /* Release */ = {
			isa = XCBuildConfiguration;
			buildSettings = {
				ASSETCATALOG_COMPILER_APPICON_NAME = AppIcon;
				ASSETCATALOG_COMPILER_GLOBAL_ACCENT_COLOR_NAME = AccentColor;
				CODE_SIGN_STYLE = Automatic;
				CURRENT_PROJECT_VERSION = 1;
				DEVELOPMENT_TEAM = 4NY9EY68HK;
				GENERATE_INFOPLIST_FILE = YES;
				INFOPLIST_FILE = vision_Pose/Info.plist;
				INFOPLIST_KEY_NSBluetoothAlwaysUsageDescription = "Spladoosh wants your bluetooth";
				INFOPLIST_KEY_NSBluetoothPeripheralUsageDescription = "I would like to be abkle to use your bluetooth connection";
				INFOPLIST_KEY_NSCameraUsageDescription = "App uses camera";
				INFOPLIST_KEY_UIApplicationSupportsIndirectInputEvents = YES;
				INFOPLIST_KEY_UILaunchStoryboardName = LaunchScreen;
				INFOPLIST_KEY_UIMainStoryboardFile = Main;
				INFOPLIST_KEY_UIRequiresFullScreen = YES;
				INFOPLIST_KEY_UIStatusBarHidden = YES;
				INFOPLIST_KEY_UISupportedInterfaceOrientations = UIInterfaceOrientationLandscapeRight;
				INFOPLIST_KEY_UISupportedInterfaceOrientations_iPad = "UIInterfaceOrientationPortrait UIInterfaceOrientationPortraitUpsideDown UIInterfaceOrientationLandscapeLeft UIInterfaceOrientationLandscapeRight";
				INFOPLIST_KEY_UISupportedInterfaceOrientations_iPhone = UIInterfaceOrientationLandscapeRight;
				LD_RUNPATH_SEARCH_PATHS = (
					"$(inherited)",
					"@executable_path/Frameworks",
				);
				MARKETING_VERSION = 1.0;
				PRODUCT_BUNDLE_IDENTIFIER = "com.sprinkle.vision-Pose";
				PRODUCT_NAME = "$(TARGET_NAME)";
				SWIFT_EMIT_LOC_STRINGS = YES;
				SWIFT_VERSION = 5.0;
				TARGETED_DEVICE_FAMILY = "1,2";
			};
			name = Release;
		};
/* End XCBuildConfiguration section */

/* Begin XCConfigurationList section */
		2F3CE922273B1DC900156D9E /* Build configuration list for PBXProject "vision_Pose" */ = {
			isa = XCConfigurationList;
			buildConfigurations = (
				2F3CE939273B1DCB00156D9E /* Debug */,
				2F3CE93A273B1DCB00156D9E /* Release */,
			);
			defaultConfigurationIsVisible = 0;
			defaultConfigurationName = Release;
		};
		2F3CE93B273B1DCB00156D9E /* Build configuration list for PBXNativeTarget "vision_Pose" */ = {
			isa = XCConfigurationList;
			buildConfigurations = (
				2F3CE93C273B1DCB00156D9E /* Debug */,
				2F3CE93D273B1DCB00156D9E /* Release */,
			);
			defaultConfigurationIsVisible = 0;
			defaultConfigurationName = Release;
		};
/* End XCConfigurationList section */

/* Begin XCRemoteSwiftPackageReference section */
		6139157B27452CAD00FF65CB /* XCRemoteSwiftPackageReference "SnapKit" */ = {
			isa = XCRemoteSwiftPackageReference;
			repositoryURL = "https://github.com/SnapKit/SnapKit.git";
			requirement = {
				kind = upToNextMajorVersion;
				minimumVersion = 5.0.0;
			};
		};
/* End XCRemoteSwiftPackageReference section */

/* Begin XCSwiftPackageProductDependency section */
		6139157C27452CAD00FF65CB /* SnapKit */ = {
			isa = XCSwiftPackageProductDependency;
			package = 6139157B27452CAD00FF65CB /* XCRemoteSwiftPackageReference "SnapKit" */;
			productName = SnapKit;
		};
/* End XCSwiftPackageProductDependency section */
	};
	rootObject = 2F3CE91F273B1DC900156D9E /* Project object */;
}
